{
    "_readme": [
        "This file locks the dependencies of your project to a known state",
        "Read more about it at https://getcomposer.org/doc/01-basic-usage.md#composer-lock-the-lock-file",
        "This file is @generated automatically"
    ],
    "content-hash": "e0bdbf5ad7bdb6f907f2e8314eeb067c",
    "packages": [
        {
            "name": "ccxt/ccxt",
            "version": "1.19.17",
            "source": {
                "type": "git",
                "url": "https://github.com/ccxt/ccxt.git",
                "reference": "fefd8a55d67c5f427b5315c13ecf05564a39b1f0"
            },
            "dist": {
                "type": "zip",
                "url": "https://api.github.com/repos/ccxt/ccxt/zipball/fefd8a55d67c5f427b5315c13ecf05564a39b1f0",
                "reference": "fefd8a55d67c5f427b5315c13ecf05564a39b1f0",
                "shasum": ""
            },
            "require": {
                "ext-bcmath": "*",
                "ext-curl": "*",
                "ext-iconv": "*",
                "ext-json": "*",
                "ext-openssl": "*",
                "ext-pcre": "*",
                "pear/console_table": "1.3.1",
                "php": ">=5.4.0",
                "symfony/polyfill-mbstring": "^1.7"
            },
            "require-dev": {
                "phpunit/phpunit": "~6"
            },
            "type": "library",
            "autoload": {
                "psr-4": {
                    "ccxt\\": "php/"
                },
                "files": [
                    "ccxt.php"
                ]
            },
            "notification-url": "https://packagist.org/downloads/",
            "license": [
                "MIT"
            ],
            "authors": [
                {
                    "name": "Igor Kroitor",
                    "email": "igor.kroitor@gmail.com",
                    "homepage": "https://github.com/kroitor",
                    "role": "Developer"
                },
                {
                    "name": "Vitaly Gordon",
                    "email": "rocket.mind@gmail.com",
                    "homepage": "https://github.com/xpl",
                    "role": "Developer"
                },
                {
                    "name": "Carlo Revelli",
                    "email": "carlo.revelli@berkeley.edu",
                    "homepage": "https://github.com/frosty00",
                    "role": "Junior Developer"
                }
            ],
            "description": "A JavaScript / Python / PHP cryptocurrency trading library with support for more than 90 bitcoin/altcoin exchanges",
            "homepage": "https://github.com/ccxt/ccxt",
            "keywords": [
                "1BTCXE",
                "1Broker",
                "ACX",
                "ANX",
                "ANXPro",
                "BL3P",
                "BTC Markets",
                "BTC Trade UA",
                "BTCC",
                "BTCChina",
                "BTCExchange",
                "BTCTrader",
                "BTCTurk",
                "BTCX",
                "BX.in.th",
                "Bit2C",
                "BitBay",
                "BitBays",
                "BitMEX",
                "BitMarket",
                "Bitcoin.co.id",
                "Bleutrade",
                "BlinkTrade",
                "BtcBox",
                "Bter.com",
                "C-CEX",
                "CEX.IO",
                "CHBTC",
                "CNY",
                "ChileBit",
                "CoinMate",
                "CoinSpot",
                "Coinsecure",
                "Crypto Capital",
                "DOGE",
                "EUR",
                "EXMO",
                "FYB-SE",
                "FYB-SG",
                "FoxBit",
                "Gatecoin",
                "Gemini",
                "Huobi",
                "HuobiPRO",
                "LakeBTC",
                "Liqui",
                "LiveCoin",
                "OKCoin",
                "OKCoin.cn",
                "OKCoin.com",
                "OKEX",
                "Paymium",
                "Poloniex",
                "QUOINE",
                "Qryptos",
                "QuadrigaCX",
                "Southxchange",
                "SurBitcoin",
                "TheRockTrading",
                "Tidex",
                "USD",
                "UrduBit",
                "VBTC",
                "Vaultoro",
                "VirWoX",
                "Wex",
                "YoBit",
                "Zaif",
                "acx.io",
                "algorithmic",
                "algotrading",
                "altcoin",
                "altcoins",
                "api",
                "arbitrage",
                "backtest",
                "backtesting",
                "binance",
                "binance.com",
                "bit2c.co.il",
                "bitcoin",
                "bitcoincoid",
                "bitfinex",
                "bitflyer",
                "bitflyer.jp",
                "bithumb",
                "bithumb.com",
                "bitlish",
                "bitso",
                "bitstamp",
                "bittrex",
                "bleutrade.com",
                "bot",
                "btc",
                "btc-e",
                "btc-trade.com.ua",
                "btc-x",
                "btcbox.co.jp",
                "btce",
                "btcexchange.ph",
                "btcmarkets",
                "btcmarkets.net",
                "btctrader.com",
                "btcturk.com",
                "bter",
                "ccex",
                "cex",
                "chilebit.net",
                "coin",
                "coincheck",
                "coingi",
                "coingi.com",
                "coinmarketcap",
                "coins",
                "coinspot.com.au",
                "crypto",
                "crypto currency",
                "crypto market",
                "cryptocapital.co",
                "cryptocurrency",
                "currencies",
                "currency",
                "darkcoin",
                "dash",
                "digital currency",
                "dogecoin",
                "dsx",
                "dsx.uk",
                "e-commerce",
                "etc",
                "eth",
                "ether",
                "ethereum",
                "exchange",
                "exchanges",
                "flowBTC",
                "flowbtc.com",
                "foxbit.exchange",
                "framework",
                "gdax",
                "hitbtc",
                "huobi.pro",
                "independent reserve",
                "independentreserve.com",
                "invest",
                "investing",
                "investor",
                "itBit",
                "jubi.com",
                "kraken",
                "lakebtc.com",
                "library",
                "light",
                "liqui.io",
                "litecoin",
                "ltc",
                "luno",
                "market",
                "market data",
                "markets",
                "mercado",
                "mercadobitcoin",
                "mercadobitcoin.br",
                "merchandise",
                "merchant",
                "minimal",
                "mixcoins",
                "mixcoins.com",
                "nova",
                "novaexchange",
                "novaexchange.com",
                "okex.com",
                "order",
                "order book",
                "orderbook",
                "price",
                "price data",
                "pricefeed",
                "private",
                "public",
                "ripple",
                "strategy",
                "surbitcoin.com",
                "tidex.com",
                "toolkit",
                "trade",
                "trader",
                "trading",
                "urdubit.com",
                "vbtc.exchange",
                "vbtc.vn",
                "volume",
                "wex.nz",
                "xBTCe",
                "xbt",
                "xbtce.com",
                "xrp",
                "yobit.net",
                "yunbi",
                "zec",
                "zerocoin"
            ],
            "time": "2019-11-07T06:13:18+00:00"
        },
        {
            "name": "ghunti/highcharts-php",
            "version": "v3.0.3",
            "source": {
                "type": "git",
                "url": "https://github.com/ghunti/HighchartsPHP.git",
                "reference": "548b321478510ec1559432a9baabbfba1a1e559a"
            },
            "dist": {
                "type": "zip",
                "url": "https://api.github.com/repos/ghunti/HighchartsPHP/zipball/548b321478510ec1559432a9baabbfba1a1e559a",
                "reference": "548b321478510ec1559432a9baabbfba1a1e559a",
                "shasum": ""
            },
            "require": {
                "php": ">=5.3.0"
            },
            "type": "library",
            "autoload": {
                "psr-4": {
                    "Ghunti\\HighchartsPHP\\": "src/"
                }
            },
            "notification-url": "https://packagist.org/downloads/",
            "license": [
                "GPL-3.0"
            ],
            "authors": [
                {
                    "name": "Gonçalo Queirós",
                    "email": "mail@goncaloqueiros.net",
                    "homepage": "http://goncaloqueiros.net",
                    "role": "Developer"
                }
            ],
            "description": "A php wrapper for highcharts and highstock javascript libraries",
            "homepage": "http://goncaloqueiros.net/highcharts.php",
            "keywords": [
                "charts",
                "highcharts",
                "highstock",
                "javascript",
                "php"
            ],
            "time": "2016-01-24T11:57:43+00:00"
        },
        {
            "name": "pear/console_table",
            "version": "v1.3.1",
            "source": {
                "type": "git",
                "url": "https://github.com/pear/Console_Table.git",
                "reference": "1930c11897ca61fd24b95f2f785e99e0f36dcdea"
            },
            "dist": {
                "type": "zip",
                "url": "https://api.github.com/repos/pear/Console_Table/zipball/1930c11897ca61fd24b95f2f785e99e0f36dcdea",
                "reference": "1930c11897ca61fd24b95f2f785e99e0f36dcdea",
                "shasum": ""
            },
            "require": {
                "php": ">=5.2.0"
            },
            "suggest": {
                "pear/Console_Color2": ">=0.1.2"
            },
            "type": "library",
            "autoload": {
                "classmap": [
                    "Table.php"
                ]
            },
            "notification-url": "https://packagist.org/downloads/",
            "license": [
                "BSD-2-Clause"
            ],
            "authors": [
                {
                    "name": "Jan Schneider",
                    "homepage": "http://pear.php.net/user/yunosh"
                },
                {
                    "name": "Tal Peer",
                    "homepage": "http://pear.php.net/user/tal"
                },
                {
                    "name": "Xavier Noguer",
                    "homepage": "http://pear.php.net/user/xnoguer"
                },
                {
                    "name": "Richard Heyes",
                    "homepage": "http://pear.php.net/user/richard"
                }
            ],
            "description": "Library that makes it easy to build console style tables.",
            "homepage": "http://pear.php.net/package/Console_Table/",
            "keywords": [
                "console"
            ],
            "time": "2018-01-25T20:47:17+00:00"
        },
        {
            "name": "symfony/polyfill-mbstring",
            "version": "v1.12.0",
            "source": {
                "type": "git",
                "url": "https://github.com/symfony/polyfill-mbstring.git",
                "reference": "b42a2f66e8f1b15ccf25652c3424265923eb4f17"
            },
            "dist": {
                "type": "zip",
                "url": "https://api.github.com/repos/symfony/polyfill-mbstring/zipball/b42a2f66e8f1b15ccf25652c3424265923eb4f17",
                "reference": "b42a2f66e8f1b15ccf25652c3424265923eb4f17",
                "shasum": ""
            },
            "require": {
                "php": ">=5.3.3"
            },
            "suggest": {
                "ext-mbstring": "For best performance"
            },
            "type": "library",
            "extra": {
                "branch-alias": {
                    "dev-master": "1.12-dev"
                }
            },
            "autoload": {
                "psr-4": {
                    "Symfony\\Polyfill\\Mbstring\\": ""
                },
                "files": [
                    "bootstrap.php"
                ]
            },
            "notification-url": "https://packagist.org/downloads/",
            "license": [
                "MIT"
            ],
            "authors": [
                {
                    "name": "Nicolas Grekas",
                    "email": "p@tchwork.com"
                },
                {
                    "name": "Symfony Community",
                    "homepage": "https://symfony.com/contributors"
                }
            ],
            "description": "Symfony polyfill for the Mbstring extension",
            "homepage": "https://symfony.com",
            "keywords": [
                "compatibility",
                "mbstring",
                "polyfill",
                "portable",
                "shim"
            ],
            "time": "2019-08-06T08:03:45+00:00"
        }
    ],
    "packages-dev": [],
    "aliases": [],
    "minimum-stability": "stable",
    "stability-flags": [],
    "prefer-stable": false,
    "prefer-lowest": false,
    "platform": [],
    "platform-dev": []
}
